// !$*UTF8*$!
{
	archiveVersion = 1;
	classes = {
	};
	objectVersion = 56;
	objects = {

/* Begin PBXBuildFile section */
		FA11B6EB2A38A45E00C8F137 /* IrregularityApp.swift in Sources */ = {isa = PBXBuildFile; fileRef = FA11B6EA2A38A45E00C8F137 /* IrregularityApp.swift */; };
		FA11B6ED2A38A45E00C8F137 /* ContentView.swift in Sources */ = {isa = PBXBuildFile; fileRef = FA11B6EC2A38A45E00C8F137 /* ContentView.swift */; };
		FA11B6EF2A38A45F00C8F137 /* Assets.xcassets in Resources */ = {isa = PBXBuildFile; fileRef = FA11B6EE2A38A45F00C8F137 /* Assets.xcassets */; };
		FA11B6F22A38A45F00C8F137 /* Preview Assets.xcassets in Resources */ = {isa = PBXBuildFile; fileRef = FA11B6F12A38A45F00C8F137 /* Preview Assets.xcassets */; };
		FA11B6FC2A38A45F00C8F137 /* IrregularityTests.swift in Sources */ = {isa = PBXBuildFile; fileRef = FA11B6FB2A38A45F00C8F137 /* IrregularityTests.swift */; };
		FA11B7062A38A45F00C8F137 /* IrregularityUITests.swift in Sources */ = {isa = PBXBuildFile; fileRef = FA11B7052A38A45F00C8F137 /* IrregularityUITests.swift */; };
		FA11B7082A38A45F00C8F137 /* IrregularityUITestsLaunchTests.swift in Sources */ = {isa = PBXBuildFile; fileRef = FA11B7072A38A45F00C8F137 /* IrregularityUITestsLaunchTests.swift */; };
		FA11B7152A38A99000C8F137 /* landmarkData.json in Resources */ = {isa = PBXBuildFile; fileRef = FA11B7142A38A99000C8F137 /* landmarkData.json */; };
		FA11B7172A38AA2300C8F137 /* Landmark.swift in Sources */ = {isa = PBXBuildFile; fileRef = FA11B7162A38AA2300C8F137 /* Landmark.swift */; };
		FA11B72F2A38AD2A00C8F137 /* ModelData.swift in Sources */ = {isa = PBXBuildFile; fileRef = FA11B72E2A38AD2A00C8F137 /* ModelData.swift */; };
		FA11B7342A38B08400C8F137 /* CircleImage.swift in Sources */ = {isa = PBXBuildFile; fileRef = FA11B7332A38B08400C8F137 /* CircleImage.swift */; };
		FA11B7362A38B1AB00C8F137 /* MapView.swift in Sources */ = {isa = PBXBuildFile; fileRef = FA11B7352A38B1AB00C8F137 /* MapView.swift */; };
		FA11B7382A38B39F00C8F137 /* LandmarkRow.swift in Sources */ = {isa = PBXBuildFile; fileRef = FA11B7372A38B39F00C8F137 /* LandmarkRow.swift */; };
		FA11B73A2A38B5E700C8F137 /* LandmarkList.swift in Sources */ = {isa = PBXBuildFile; fileRef = FA11B7392A38B5E700C8F137 /* LandmarkList.swift */; };
		FA11B73C2A38B73E00C8F137 /* LandmarkDetail.swift in Sources */ = {isa = PBXBuildFile; fileRef = FA11B73B2A38B73E00C8F137 /* LandmarkDetail.swift */; };
		FA11B73E2A38C7BD00C8F137 /* FavoriteButton.swift in Sources */ = {isa = PBXBuildFile; fileRef = FA11B73D2A38C7BD00C8F137 /* FavoriteButton.swift */; };
/* End PBXBuildFile section */

/* Begin PBXContainerItemProxy section */
		FA11B6F82A38A45F00C8F137 /* PBXContainerItemProxy */ = {
			isa = PBXContainerItemProxy;
			containerPortal = FA11B6DF2A38A45E00C8F137 /* Project object */;
			proxyType = 1;
			remoteGlobalIDString = FA11B6E62A38A45E00C8F137;
			remoteInfo = Irregularity;
		};
		FA11B7022A38A45F00C8F137 /* PBXContainerItemProxy */ = {
			isa = PBXContainerItemProxy;
			containerPortal = FA11B6DF2A38A45E00C8F137 /* Project object */;
			proxyType = 1;
			remoteGlobalIDString = FA11B6E62A38A45E00C8F137;
			remoteInfo = Irregularity;
		};
/* End PBXContainerItemProxy section */

/* Begin PBXFileReference section */
		FA11B6E72A38A45E00C8F137 /* Irregularity.app */ = {isa = PBXFileReference; explicitFileType = wrapper.application; includeInIndex = 0; path = Irregularity.app; sourceTree = BUILT_PRODUCTS_DIR; };
		FA11B6EA2A38A45E00C8F137 /* IrregularityApp.swift */ = {isa = PBXFileReference; lastKnownFileType = sourcecode.swift; path = IrregularityApp.swift; sourceTree = "<group>"; };
		FA11B6EC2A38A45E00C8F137 /* ContentView.swift */ = {isa = PBXFileReference; lastKnownFileType = sourcecode.swift; path = ContentView.swift; sourceTree = "<group>"; };
		FA11B6EE2A38A45F00C8F137 /* Assets.xcassets */ = {isa = PBXFileReference; lastKnownFileType = folder.assetcatalog; path = Assets.xcassets; sourceTree = "<group>"; };
		FA11B6F12A38A45F00C8F137 /* Preview Assets.xcassets */ = {isa = PBXFileReference; lastKnownFileType = folder.assetcatalog; path = "Preview Assets.xcassets"; sourceTree = "<group>"; };
		FA11B6F72A38A45F00C8F137 /* IrregularityTests.xctest */ = {isa = PBXFileReference; explicitFileType = wrapper.cfbundle; includeInIndex = 0; path = IrregularityTests.xctest; sourceTree = BUILT_PRODUCTS_DIR; };
		FA11B6FB2A38A45F00C8F137 /* IrregularityTests.swift */ = {isa = PBXFileReference; lastKnownFileType = sourcecode.swift; path = IrregularityTests.swift; sourceTree = "<group>"; };
		FA11B7012A38A45F00C8F137 /* IrregularityUITests.xctest */ = {isa = PBXFileReference; explicitFileType = wrapper.cfbundle; includeInIndex = 0; path = IrregularityUITests.xctest; sourceTree = BUILT_PRODUCTS_DIR; };
		FA11B7052A38A45F00C8F137 /* IrregularityUITests.swift */ = {isa = PBXFileReference; lastKnownFileType = sourcecode.swift; path = IrregularityUITests.swift; sourceTree = "<group>"; };
		FA11B7072A38A45F00C8F137 /* IrregularityUITestsLaunchTests.swift */ = {isa = PBXFileReference; lastKnownFileType = sourcecode.swift; path = IrregularityUITestsLaunchTests.swift; sourceTree = "<group>"; };
		FA11B7142A38A99000C8F137 /* landmarkData.json */ = {isa = PBXFileReference; fileEncoding = 4; lastKnownFileType = text.json; path = landmarkData.json; sourceTree = "<group>"; };
		FA11B7162A38AA2300C8F137 /* Landmark.swift */ = {isa = PBXFileReference; lastKnownFileType = sourcecode.swift; path = Landmark.swift; sourceTree = "<group>"; };
		FA11B72E2A38AD2A00C8F137 /* ModelData.swift */ = {isa = PBXFileReference; lastKnownFileType = sourcecode.swift; path = ModelData.swift; sourceTree = "<group>"; };
		FA11B7332A38B08400C8F137 /* CircleImage.swift */ = {isa = PBXFileReference; lastKnownFileType = sourcecode.swift; path = CircleImage.swift; sourceTree = "<group>"; };
		FA11B7352A38B1AB00C8F137 /* MapView.swift */ = {isa = PBXFileReference; lastKnownFileType = sourcecode.swift; path = MapView.swift; sourceTree = "<group>"; };
		FA11B7372A38B39F00C8F137 /* LandmarkRow.swift */ = {isa = PBXFileReference; lastKnownFileType = sourcecode.swift; path = LandmarkRow.swift; sourceTree = "<group>"; };
		FA11B7392A38B5E700C8F137 /* LandmarkList.swift */ = {isa = PBXFileReference; lastKnownFileType = sourcecode.swift; path = LandmarkList.swift; sourceTree = "<group>"; };
		FA11B73B2A38B73E00C8F137 /* LandmarkDetail.swift */ = {isa = PBXFileReference; lastKnownFileType = sourcecode.swift; path = LandmarkDetail.swift; sourceTree = "<group>"; };
		FA11B73D2A38C7BD00C8F137 /* FavoriteButton.swift */ = {isa = PBXFileReference; lastKnownFileType = sourcecode.swift; path = FavoriteButton.swift; sourceTree = "<group>"; };
/* End PBXFileReference section */

/* Begin PBXFrameworksBuildPhase section */
		FA11B6E42A38A45E00C8F137 /* Frameworks */ = {
			isa = PBXFrameworksBuildPhase;
			buildActionMask = 2147483647;
			files = (
			);
			runOnlyForDeploymentPostprocessing = 0;
		};
		FA11B6F42A38A45F00C8F137 /* Frameworks */ = {
			isa = PBXFrameworksBuildPhase;
			buildActionMask = 2147483647;
			files = (
			);
			runOnlyForDeploymentPostprocessing = 0;
		};
		FA11B6FE2A38A45F00C8F137 /* Frameworks */ = {
			isa = PBXFrameworksBuildPhase;
			buildActionMask = 2147483647;
			files = (
			);
			runOnlyForDeploymentPostprocessing = 0;
		};
/* End PBXFrameworksBuildPhase section */

/* Begin PBXGroup section */
		FA11B6DE2A38A45E00C8F137 = {
			isa = PBXGroup;
			children = (
				FA11B6E92A38A45E00C8F137 /* Irregularity */,
				FA11B6FA2A38A45F00C8F137 /* IrregularityTests */,
				FA11B7042A38A45F00C8F137 /* IrregularityUITests */,
				FA11B6E82A38A45E00C8F137 /* Products */,
			);
			sourceTree = "<group>";
		};
		FA11B6E82A38A45E00C8F137 /* Products */ = {
			isa = PBXGroup;
			children = (
				FA11B6E72A38A45E00C8F137 /* Irregularity.app */,
				FA11B6F72A38A45F00C8F137 /* IrregularityTests.xctest */,
				FA11B7012A38A45F00C8F137 /* IrregularityUITests.xctest */,
			);
			name = Products;
			sourceTree = "<group>";
		};
		FA11B6E92A38A45E00C8F137 /* Irregularity */ = {
			isa = PBXGroup;
			children = (
				FA11B7322A38AFAD00C8F137 /* Resources */,
				FA11B7312A38AF9F00C8F137 /* Model */,
				FA11B7302A38AF6C00C8F137 /* Views */,
				FA11B6EA2A38A45E00C8F137 /* IrregularityApp.swift */,
				FA11B6EE2A38A45F00C8F137 /* Assets.xcassets */,
				FA11B6F02A38A45F00C8F137 /* Preview Content */,
			);
			path = Irregularity;
			sourceTree = "<group>";
		};
		FA11B6F02A38A45F00C8F137 /* Preview Content */ = {
			isa = PBXGroup;
			children = (
				FA11B6F12A38A45F00C8F137 /* Preview Assets.xcassets */,
			);
			path = "Preview Content";
			sourceTree = "<group>";
		};
		FA11B6FA2A38A45F00C8F137 /* IrregularityTests */ = {
			isa = PBXGroup;
			children = (
				FA11B6FB2A38A45F00C8F137 /* IrregularityTests.swift */,
			);
			path = IrregularityTests;
			sourceTree = "<group>";
		};
		FA11B7042A38A45F00C8F137 /* IrregularityUITests */ = {
			isa = PBXGroup;
			children = (
				FA11B7052A38A45F00C8F137 /* IrregularityUITests.swift */,
				FA11B7072A38A45F00C8F137 /* IrregularityUITestsLaunchTests.swift */,
			);
			path = IrregularityUITests;
			sourceTree = "<group>";
		};
		FA11B7302A38AF6C00C8F137 /* Views */ = {
			isa = PBXGroup;
			children = (
				FA11B6EC2A38A45E00C8F137 /* ContentView.swift */,
				FA11B7402A38C81B00C8F137 /* Helpers */,
				FA11B73F2A38C80F00C8F137 /* Landmarks */,
			);
			path = Views;
			sourceTree = "<group>";
		};
		FA11B7312A38AF9F00C8F137 /* Model */ = {
			isa = PBXGroup;
			children = (
				FA11B72E2A38AD2A00C8F137 /* ModelData.swift */,
				FA11B7162A38AA2300C8F137 /* Landmark.swift */,
			);
			path = Model;
			sourceTree = "<group>";
		};
		FA11B7322A38AFAD00C8F137 /* Resources */ = {
			isa = PBXGroup;
			children = (
				FA11B7142A38A99000C8F137 /* landmarkData.json */,
			);
			path = Resources;
			sourceTree = "<group>";
		};
		FA11B73F2A38C80F00C8F137 /* Landmarks */ = {
			isa = PBXGroup;
			children = (
				FA11B7372A38B39F00C8F137 /* LandmarkRow.swift */,
				FA11B7392A38B5E700C8F137 /* LandmarkList.swift */,
				FA11B73B2A38B73E00C8F137 /* LandmarkDetail.swift */,
			);
			path = Landmarks;
			sourceTree = "<group>";
		};
		FA11B7402A38C81B00C8F137 /* Helpers */ = {
			isa = PBXGroup;
			children = (
				FA11B7332A38B08400C8F137 /* CircleImage.swift */,
				FA11B7352A38B1AB00C8F137 /* MapView.swift */,
				FA11B73D2A38C7BD00C8F137 /* FavoriteButton.swift */,
			);
			path = Helpers;
			sourceTree = "<group>";
		};
/* End PBXGroup section */

/* Begin PBXNativeTarget section */
		FA11B6E62A38A45E00C8F137 /* Irregularity */ = {
			isa = PBXNativeTarget;
			buildConfigurationList = FA11B70B2A38A45F00C8F137 /* Build configuration list for PBXNativeTarget "Irregularity" */;
			buildPhases = (
				FA11B6E32A38A45E00C8F137 /* Sources */,
				FA11B6E42A38A45E00C8F137 /* Frameworks */,
				FA11B6E52A38A45E00C8F137 /* Resources */,
			);
			buildRules = (
			);
			dependencies = (
			);
			name = Irregularity;
			productName = Irregularity;
			productReference = FA11B6E72A38A45E00C8F137 /* Irregularity.app */;
			productType = "com.apple.product-type.application";
		};
		FA11B6F62A38A45F00C8F137 /* IrregularityTests */ = {
			isa = PBXNativeTarget;
			buildConfigurationList = FA11B70E2A38A45F00C8F137 /* Build configuration list for PBXNativeTarget "IrregularityTests" */;
			buildPhases = (
				FA11B6F32A38A45F00C8F137 /* Sources */,
				FA11B6F42A38A45F00C8F137 /* Frameworks */,
				FA11B6F52A38A45F00C8F137 /* Resources */,
			);
			buildRules = (
			);
			dependencies = (
				FA11B6F92A38A45F00C8F137 /* PBXTargetDependency */,
			);
			name = IrregularityTests;
			productName = IrregularityTests;
			productReference = FA11B6F72A38A45F00C8F137 /* IrregularityTests.xctest */;
			productType = "com.apple.product-type.bundle.unit-test";
		};
		FA11B7002A38A45F00C8F137 /* IrregularityUITests */ = {
			isa = PBXNativeTarget;
			buildConfigurationList = FA11B7112A38A45F00C8F137 /* Build configuration list for PBXNativeTarget "IrregularityUITests" */;
			buildPhases = (
				FA11B6FD2A38A45F00C8F137 /* Sources */,
				FA11B6FE2A38A45F00C8F137 /* Frameworks */,
				FA11B6FF2A38A45F00C8F137 /* Resources */,
			);
			buildRules = (
			);
			dependencies = (
				FA11B7032A38A45F00C8F137 /* PBXTargetDependency */,
			);
			name = IrregularityUITests;
			productName = IrregularityUITests;
			productReference = FA11B7012A38A45F00C8F137 /* IrregularityUITests.xctest */;
			productType = "com.apple.product-type.bundle.ui-testing";
		};
/* End PBXNativeTarget section */

/* Begin PBXProject section */
		FA11B6DF2A38A45E00C8F137 /* Project object */ = {
			isa = PBXProject;
			attributes = {
				BuildIndependentTargetsInParallel = 1;
				LastSwiftUpdateCheck = 1430;
				LastUpgradeCheck = 1430;
				TargetAttributes = {
					FA11B6E62A38A45E00C8F137 = {
						CreatedOnToolsVersion = 14.3.1;
					};
					FA11B6F62A38A45F00C8F137 = {
						CreatedOnToolsVersion = 14.3.1;
						TestTargetID = FA11B6E62A38A45E00C8F137;
					};
					FA11B7002A38A45F00C8F137 = {
						CreatedOnToolsVersion = 14.3.1;
						TestTargetID = FA11B6E62A38A45E00C8F137;
					};
				};
			};
			buildConfigurationList = FA11B6E22A38A45E00C8F137 /* Build configuration list for PBXProject "Irregularity" */;
			compatibilityVersion = "Xcode 14.0";
			developmentRegion = en;
			hasScannedForEncodings = 0;
			knownRegions = (
				en,
				Base,
			);
			mainGroup = FA11B6DE2A38A45E00C8F137;
			productRefGroup = FA11B6E82A38A45E00C8F137 /* Products */;
			projectDirPath = "";
			projectRoot = "";
			targets = (
				FA11B6E62A38A45E00C8F137 /* Irregularity */,
				FA11B6F62A38A45F00C8F137 /* IrregularityTests */,
				FA11B7002A38A45F00C8F137 /* IrregularityUITests */,
			);
		};
/* End PBXProject section */

/* Begin PBXResourcesBuildPhase section */
		FA11B6E52A38A45E00C8F137 /* Resources */ = {
			isa = PBXResourcesBuildPhase;
			buildActionMask = 2147483647;
			files = (
				FA11B6F22A38A45F00C8F137 /* Preview Assets.xcassets in Resources */,
				FA11B6EF2A38A45F00C8F137 /* Assets.xcassets in Resources */,
				FA11B7152A38A99000C8F137 /* landmarkData.json in Resources */,
			);
			runOnlyForDeploymentPostprocessing = 0;
		};
		FA11B6F52A38A45F00C8F137 /* Resources */ = {
			isa = PBXResourcesBuildPhase;
			buildActionMask = 2147483647;
			files = (
			);
			runOnlyForDeploymentPostprocessing = 0;
		};
		FA11B6FF2A38A45F00C8F137 /* Resources */ = {
			isa = PBXResourcesBuildPhase;
			buildActionMask = 2147483647;
			files = (
			);
			runOnlyForDeploymentPostprocessing = 0;
		};
/* End PBXResourcesBuildPhase section */

/* Begin PBXSourcesBuildPhase section */
		FA11B6E32A38A45E00C8F137 /* Sources */ = {
			isa = PBXSourcesBuildPhase;
			buildActionMask = 2147483647;
			files = (
				FA11B6ED2A38A45E00C8F137 /* ContentView.swift in Sources */,
				FA11B7362A38B1AB00C8F137 /* MapView.swift in Sources */,
				FA11B72F2A38AD2A00C8F137 /* ModelData.swift in Sources */,
				FA11B73E2A38C7BD00C8F137 /* FavoriteButton.swift in Sources */,
				FA11B73A2A38B5E700C8F137 /* LandmarkList.swift in Sources */,
				FA11B73C2A38B73E00C8F137 /* LandmarkDetail.swift in Sources */,
				FA11B6EB2A38A45E00C8F137 /* IrregularityApp.swift in Sources */,
				FA11B7172A38AA2300C8F137 /* Landmark.swift in Sources */,
				FA11B7382A38B39F00C8F137 /* LandmarkRow.swift in Sources */,
				FA11B7342A38B08400C8F137 /* CircleImage.swift in Sources */,
			);
			runOnlyForDeploymentPostprocessing = 0;
		};
		FA11B6F32A38A45F00C8F137 /* Sources */ = {
			isa = PBXSourcesBuildPhase;
			buildActionMask = 2147483647;
			files = (
				FA11B6FC2A38A45F00C8F137 /* IrregularityTests.swift in Sources */,
			);
			runOnlyForDeploymentPostprocessing = 0;
		};
		FA11B6FD2A38A45F00C8F137 /* Sources */ = {
			isa = PBXSourcesBuildPhase;
			buildActionMask = 2147483647;
			files = (
				FA11B7062A38A45F00C8F137 /* IrregularityUITests.swift in Sources */,
				FA11B7082A38A45F00C8F137 /* IrregularityUITestsLaunchTests.swift in Sources */,
			);
			runOnlyForDeploymentPostprocessing = 0;
		};
/* End PBXSourcesBuildPhase section */

/* Begin PBXTargetDependency section */
		FA11B6F92A38A45F00C8F137 /* PBXTargetDependency */ = {
			isa = PBXTargetDependency;
			target = FA11B6E62A38A45E00C8F137 /* Irregularity */;
			targetProxy = FA11B6F82A38A45F00C8F137 /* PBXContainerItemProxy */;
		};
		FA11B7032A38A45F00C8F137 /* PBXTargetDependency */ = {
			isa = PBXTargetDependency;
			target = FA11B6E62A38A45E00C8F137 /* Irregularity */;
			targetProxy = FA11B7022A38A45F00C8F137 /* PBXContainerItemProxy */;
		};
/* End PBXTargetDependency section */

/* Begin XCBuildConfiguration section */
		FA11B7092A38A45F00C8F137 /* Debug */ = {
			isa = XCBuildConfiguration;
			buildSettings = {
				ALWAYS_SEARCH_USER_PATHS = NO;
				CLANG_ANALYZER_NONNULL = YES;
				CLANG_ANALYZER_NUMBER_OBJECT_CONVERSION = YES_AGGRESSIVE;
				CLANG_CXX_LANGUAGE_STANDARD = "gnu++20";
				CLANG_ENABLE_MODULES = YES;
				CLANG_ENABLE_OBJC_ARC = YES;
				CLANG_ENABLE_OBJC_WEAK = YES;
				CLANG_WARN_BLOCK_CAPTURE_AUTORELEASING = YES;
				CLANG_WARN_BOOL_CONVERSION = YES;
				CLANG_WARN_COMMA = YES;
				CLANG_WARN_CONSTANT_CONVERSION = YES;
				CLANG_WARN_DEPRECATED_OBJC_IMPLEMENTATIONS = YES;
				CLANG_WARN_DIRECT_OBJC_ISA_USAGE = YES_ERROR;
				CLANG_WARN_DOCUMENTATION_COMMENTS = YES;
				CLANG_WARN_EMPTY_BODY = YES;
				CLANG_WARN_ENUM_CONVERSION = YES;
				CLANG_WARN_INFINITE_RECURSION = YES;
				CLANG_WARN_INT_CONVERSION = YES;
				CLANG_WARN_NON_LITERAL_NULL_CONVERSION = YES;
				CLANG_WARN_OBJC_IMPLICIT_RETAIN_SELF = YES;
				CLANG_WARN_OBJC_LITERAL_CONVERSION = YES;
				CLANG_WARN_OBJC_ROOT_CLASS = YES_ERROR;
				CLANG_WARN_QUOTED_INCLUDE_IN_FRAMEWORK_HEADER = YES;
				CLANG_WARN_RANGE_LOOP_ANALYSIS = YES;
				CLANG_WARN_STRICT_PROTOTYPES = YES;
				CLANG_WARN_SUSPICIOUS_MOVE = YES;
				CLANG_WARN_UNGUARDED_AVAILABILITY = YES_AGGRESSIVE;
				CLANG_WARN_UNREACHABLE_CODE = YES;
				CLANG_WARN__DUPLICATE_METHOD_MATCH = YES;
				COPY_PHASE_STRIP = NO;
				DEBUG_INFORMATION_FORMAT = dwarf;
				ENABLE_STRICT_OBJC_MSGSEND = YES;
				ENABLE_TESTABILITY = YES;
				GCC_C_LANGUAGE_STANDARD = gnu11;
				GCC_DYNAMIC_NO_PIC = NO;
				GCC_NO_COMMON_BLOCKS = YES;
				GCC_OPTIMIZATION_LEVEL = 0;
				GCC_PREPROCESSOR_DEFINITIONS = (
					"DEBUG=1",
					"$(inherited)",
				);
				GCC_WARN_64_TO_32_BIT_CONVERSION = YES;
				GCC_WARN_ABOUT_RETURN_TYPE = YES_ERROR;
				GCC_WARN_UNDECLARED_SELECTOR = YES;
				GCC_WARN_UNINITIALIZED_AUTOS = YES_AGGRESSIVE;
				GCC_WARN_UNUSED_FUNCTION = YES;
				GCC_WARN_UNUSED_VARIABLE = YES;
				IPHONEOS_DEPLOYMENT_TARGET = 16.4;
				MTL_ENABLE_DEBUG_INFO = INCLUDE_SOURCE;
				MTL_FAST_MATH = YES;
				ONLY_ACTIVE_ARCH = YES;
				SDKROOT = iphoneos;
				SWIFT_ACTIVE_COMPILATION_CONDITIONS = DEBUG;
				SWIFT_OPTIMIZATION_LEVEL = "-Onone";
			};
			name = Debug;
		};
		FA11B70A2A38A45F00C8F137 /* Release */ = {
			isa = XCBuildConfiguration;
			buildSettings = {
				ALWAYS_SEARCH_USER_PATHS = NO;
				CLANG_ANALYZER_NONNULL = YES;
				CLANG_ANALYZER_NUMBER_OBJECT_CONVERSION = YES_AGGRESSIVE;
				CLANG_CXX_LANGUAGE_STANDARD = "gnu++20";
				CLANG_ENABLE_MODULES = YES;
				CLANG_ENABLE_OBJC_ARC = YES;
				CLANG_ENABLE_OBJC_WEAK = YES;
				CLANG_WARN_BLOCK_CAPTURE_AUTORELEASING = YES;
				CLANG_WARN_BOOL_CONVERSION = YES;
				CLANG_WARN_COMMA = YES;
				CLANG_WARN_CONSTANT_CONVERSION = YES;
				CLANG_WARN_DEPRECATED_OBJC_IMPLEMENTATIONS = YES;
				CLANG_WARN_DIRECT_OBJC_ISA_USAGE = YES_ERROR;
				CLANG_WARN_DOCUMENTATION_COMMENTS = YES;
				CLANG_WARN_EMPTY_BODY = YES;
				CLANG_WARN_ENUM_CONVERSION = YES;
				CLANG_WARN_INFINITE_RECURSION = YES;
				CLANG_WARN_INT_CONVERSION = YES;
				CLANG_WARN_NON_LITERAL_NULL_CONVERSION = YES;
				CLANG_WARN_OBJC_IMPLICIT_RETAIN_SELF = YES;
				CLANG_WARN_OBJC_LITERAL_CONVERSION = YES;
				CLANG_WARN_OBJC_ROOT_CLASS = YES_ERROR;
				CLANG_WARN_QUOTED_INCLUDE_IN_FRAMEWORK_HEADER = YES;
				CLANG_WARN_RANGE_LOOP_ANALYSIS = YES;
				CLANG_WARN_STRICT_PROTOTYPES = YES;
				CLANG_WARN_SUSPICIOUS_MOVE = YES;
				CLANG_WARN_UNGUARDED_AVAILABILITY = YES_AGGRESSIVE;
				CLANG_WARN_UNREACHABLE_CODE = YES;
				CLANG_WARN__DUPLICATE_METHOD_MATCH = YES;
				COPY_PHASE_STRIP = NO;
				DEBUG_INFORMATION_FORMAT = "dwarf-with-dsym";
				ENABLE_NS_ASSERTIONS = NO;
				ENABLE_STRICT_OBJC_MSGSEND = YES;
				GCC_C_LANGUAGE_STANDARD = gnu11;
				GCC_NO_COMMON_BLOCKS = YES;
				GCC_WARN_64_TO_32_BIT_CONVERSION = YES;
				GCC_WARN_ABOUT_RETURN_TYPE = YES_ERROR;
				GCC_WARN_UNDECLARED_SELECTOR = YES;
				GCC_WARN_UNINITIALIZED_AUTOS = YES_AGGRESSIVE;
				GCC_WARN_UNUSED_FUNCTION = YES;
				GCC_WARN_UNUSED_VARIABLE = YES;
				IPHONEOS_DEPLOYMENT_TARGET = 16.4;
				MTL_ENABLE_DEBUG_INFO = NO;
				MTL_FAST_MATH = YES;
				SDKROOT = iphoneos;
				SWIFT_COMPILATION_MODE = wholemodule;
				SWIFT_OPTIMIZATION_LEVEL = "-O";
				VALIDATE_PRODUCT = YES;
			};
			name = Release;
		};
		FA11B70C2A38A45F00C8F137 /* Debug */ = {
			isa = XCBuildConfiguration;
			buildSettings = {
				ASSETCATALOG_COMPILER_APPICON_NAME = AppIcon;
				ASSETCATALOG_COMPILER_GLOBAL_ACCENT_COLOR_NAME = AccentColor;
				CODE_SIGN_STYLE = Automatic;
				CURRENT_PROJECT_VERSION = 1;
				DEVELOPMENT_ASSET_PATHS = "\"Irregularity/Preview Content\"";
				DEVELOPMENT_TEAM = 6Y79U39B6N;
				ENABLE_PREVIEWS = YES;
				GENERATE_INFOPLIST_FILE = YES;
				INFOPLIST_KEY_UIApplicationSceneManifest_Generation = YES;
				INFOPLIST_KEY_UIApplicationSupportsIndirectInputEvents = YES;
				INFOPLIST_KEY_UILaunchScreen_Generation = YES;
				INFOPLIST_KEY_UISupportedInterfaceOrientations_iPad = "UIInterfaceOrientationPortrait UIInterfaceOrientationPortraitUpsideDown UIInterfaceOrientationLandscapeLeft UIInterfaceOrientationLandscapeRight";
				INFOPLIST_KEY_UISupportedInterfaceOrientations_iPhone = "UIInterfaceOrientationPortrait UIInterfaceOrientationLandscapeLeft UIInterfaceOrientationLandscapeRight";
				LD_RUNPATH_SEARCH_PATHS = (
					"$(inherited)",
					"@executable_path/Frameworks",
				);
				MARKETING_VERSION = 1.0;
				PRODUCT_BUNDLE_IDENTIFIER = ru.irregularity.Irregularity;
				PRODUCT_NAME = "$(TARGET_NAME)";
				SWIFT_EMIT_LOC_STRINGS = YES;
				SWIFT_VERSION = 5.0;
				TARGETED_DEVICE_FAMILY = "1,2";
			};
			name = Debug;
		};
		FA11B70D2A38A45F00C8F137 /* Release */ = {
			isa = XCBuildConfiguration;
			buildSettings = {
				ASSETCATALOG_COMPILER_APPICON_NAME = AppIcon;
				ASSETCATALOG_COMPILER_GLOBAL_ACCENT_COLOR_NAME = AccentColor;
				CODE_SIGN_STYLE = Automatic;
				CURRENT_PROJECT_VERSION = 1;
				DEVELOPMENT_ASSET_PATHS = "\"Irregularity/Preview Content\"";
				DEVELOPMENT_TEAM = 6Y79U39B6N;
				ENABLE_PREVIEWS = YES;
				GENERATE_INFOPLIST_FILE = YES;
				INFOPLIST_KEY_UIApplicationSceneManifest_Generation = YES;
				INFOPLIST_KEY_UIApplicationSupportsIndirectInputEvents = YES;
				INFOPLIST_KEY_UILaunchScreen_Generation = YES;
				INFOPLIST_KEY_UISupportedInterfaceOrientations_iPad = "UIInterfaceOrientationPortrait UIInterfaceOrientationPortraitUpsideDown UIInterfaceOrientationLandscapeLeft UIInterfaceOrientationLandscapeRight";
				INFOPLIST_KEY_UISupportedInterfaceOrientations_iPhone = "UIInterfaceOrientationPortrait UIInterfaceOrientationLandscapeLeft UIInterfaceOrientationLandscapeRight";
				LD_RUNPATH_SEARCH_PATHS = (
					"$(inherited)",
					"@executable_path/Frameworks",
				);
				MARKETING_VERSION = 1.0;
				PRODUCT_BUNDLE_IDENTIFIER = ru.irregularity.Irregularity;
				PRODUCT_NAME = "$(TARGET_NAME)";
				SWIFT_EMIT_LOC_STRINGS = YES;
				SWIFT_VERSION = 5.0;
				TARGETED_DEVICE_FAMILY = "1,2";
			};
			name = Release;
		};
		FA11B70F2A38A45F00C8F137 /* Debug */ = {
			isa = XCBuildConfiguration;
			buildSettings = {
				ALWAYS_EMBED_SWIFT_STANDARD_LIBRARIES = YES;
				BUNDLE_LOADER = "$(TEST_HOST)";
				CODE_SIGN_STYLE = Automatic;
				CURRENT_PROJECT_VERSION = 1;
				DEVELOPMENT_TEAM = 6Y79U39B6N;
				GENERATE_INFOPLIST_FILE = YES;
				IPHONEOS_DEPLOYMENT_TARGET = 16.4;
				MARKETING_VERSION = 1.0;
				PRODUCT_BUNDLE_IDENTIFIER = ru.irregularity.IrregularityTests;
				PRODUCT_NAME = "$(TARGET_NAME)";
				SWIFT_EMIT_LOC_STRINGS = NO;
				SWIFT_VERSION = 5.0;
				TARGETED_DEVICE_FAMILY = "1,2";
				TEST_HOST = "$(BUILT_PRODUCTS_DIR)/Irregularity.app/$(BUNDLE_EXECUTABLE_FOLDER_PATH)/Irregularity";
			};
			name = Debug;
		};
		FA11B7102A38A45F00C8F137 /* Release */ = {
			isa = XCBuildConfiguration;
			buildSettings = {
				ALWAYS_EMBED_SWIFT_STANDARD_LIBRARIES = YES;
				BUNDLE_LOADER = "$(TEST_HOST)";
				CODE_SIGN_STYLE = Automatic;
				CURRENT_PROJECT_VERSION = 1;
				DEVELOPMENT_TEAM = 6Y79U39B6N;
				GENERATE_INFOPLIST_FILE = YES;
				IPHONEOS_DEPLOYMENT_TARGET = 16.4;
				MARKETING_VERSION = 1.0;
				PRODUCT_BUNDLE_IDENTIFIER = ru.irregularity.IrregularityTests;
				PRODUCT_NAME = "$(TARGET_NAME)";
				SWIFT_EMIT_LOC_STRINGS = NO;
				SWIFT_VERSION = 5.0;
				TARGETED_DEVICE_FAMILY = "1,2";
				TEST_HOST = "$(BUILT_PRODUCTS_DIR)/Irregularity.app/$(BUNDLE_EXECUTABLE_FOLDER_PATH)/Irregularity";
			};
			name = Release;
		};
		FA11B7122A38A45F00C8F137 /* Debug */ = {
			isa = XCBuildConfiguration;
			buildSettings = {
				ALWAYS_EMBED_SWIFT_STANDARD_LIBRARIES = YES;
				CODE_SIGN_STYLE = Automatic;
				CURRENT_PROJECT_VERSION = 1;
				DEVELOPMENT_TEAM = 6Y79U39B6N;
				GENERATE_INFOPLIST_FILE = YES;
				MARKETING_VERSION = 1.0;
				PRODUCT_BUNDLE_IDENTIFIER = ru.irregularity.IrregularityUITests;
				PRODUCT_NAME = "$(TARGET_NAME)";
				SWIFT_EMIT_LOC_STRINGS = NO;
				SWIFT_VERSION = 5.0;
				TARGETED_DEVICE_FAMILY = "1,2";
				TEST_TARGET_NAME = Irregularity;
			};
			name = Debug;
		};
		FA11B7132A38A45F00C8F137 /* Release */ = {
			isa = XCBuildConfiguration;
			buildSettings = {
				ALWAYS_EMBED_SWIFT_STANDARD_LIBRARIES = YES;
				CODE_SIGN_STYLE = Automatic;
				CURRENT_PROJECT_VERSION = 1;
				DEVELOPMENT_TEAM = 6Y79U39B6N;
				GENERATE_INFOPLIST_FILE = YES;
				MARKETING_VERSION = 1.0;
				PRODUCT_BUNDLE_IDENTIFIER = ru.irregularity.IrregularityUITests;
				PRODUCT_NAME = "$(TARGET_NAME)";
				SWIFT_EMIT_LOC_STRINGS = NO;
				SWIFT_VERSION = 5.0;
				TARGETED_DEVICE_FAMILY = "1,2";
				TEST_TARGET_NAME = Irregularity;
			};
			name = Release;
		};
/* End XCBuildConfiguration section */

/* Begin XCConfigurationList section */
		FA11B6E22A38A45E00C8F137 /* Build configuration list for PBXProject "Irregularity" */ = {
			isa = XCConfigurationList;
			buildConfigurations = (
				FA11B7092A38A45F00C8F137 /* Debug */,
				FA11B70A2A38A45F00C8F137 /* Release */,
			);
			defaultConfigurationIsVisible = 0;
			defaultConfigurationName = Release;
		};
		FA11B70B2A38A45F00C8F137 /* Build configuration list for PBXNativeTarget "Irregularity" */ = {
			isa = XCConfigurationList;
			buildConfigurations = (
				FA11B70C2A38A45F00C8F137 /* Debug */,
				FA11B70D2A38A45F00C8F137 /* Release */,
			);
			defaultConfigurationIsVisible = 0;
			defaultConfigurationName = Release;
		};
		FA11B70E2A38A45F00C8F137 /* Build configuration list for PBXNativeTarget "IrregularityTests" */ = {
			isa = XCConfigurationList;
			buildConfigurations = (
				FA11B70F2A38A45F00C8F137 /* Debug */,
				FA11B7102A38A45F00C8F137 /* Release */,
			);
			defaultConfigurationIsVisible = 0;
			defaultConfigurationName = Release;
		};
		FA11B7112A38A45F00C8F137 /* Build configuration list for PBXNativeTarget "IrregularityUITests" */ = {
			isa = XCConfigurationList;
			buildConfigurations = (
				FA11B7122A38A45F00C8F137 /* Debug */,
				FA11B7132A38A45F00C8F137 /* Release */,
			);
			defaultConfigurationIsVisible = 0;
			defaultConfigurationName = Release;
		};
/* End XCConfigurationList section */
	};
	rootObject = FA11B6DF2A38A45E00C8F137 /* Project object */;
}
